# This file is autogenerated, do not edit; changes may be undone by the next 'dep ensure'.


[[projects]]
  branch = "master"
  name = "github.com/golang/protobuf"
  packages = ["proto"]
  revision = "888eb0692c857ec880338addf316bd662d5e630e"

[[projects]]
  name = "github.com/pkg/errors"
  packages = ["."]
  revision = "645ef00459ed84a119197bfb8d8205042c6df63d"
  version = "v0.8.0"

[solve-meta]
  analyzer-name = "dep"
  analyzer-version = 1
  inputs-digest = "6c664b4e7ef95e3c205dfe2258ebaec3838f5b8bb19a44f5f89903269ce2fa67"
  solver-name = "gps-cdcl"
  solver-version = 1
